
Microsoft Visual Studio Solution File, Format Version 12.00
# Visual Studio Version 17
VisualStudioVersion = 17.5.33502.453
MinimumVisualStudioVersion = 10.0.40219.1
Project("{9A19103F-16F7-4668-BE54-9A1E7A4F7556}") = "DistressDetector", "DistressDetector.csproj", "{81D6E61C-227B-4EFC-985A-6DA71A6DC905}"
EndProject
Global
	GlobalSection(SolutionConfigurationPlatforms) = preSolution
		Debug|Any CPU = Debug|Any CPU
		Release|Any CPU = Release|Any CPU
	EndGlobalSection
	GlobalSection(ProjectConfigurationPlatforms) = postSolution
		{81D6E61C-227B-4EFC-985A-6DA71A6DC905}.Debug|Any CPU.ActiveCfg = Debug|Any CPU
		{81D6E61C-227B-4EFC-985A-6DA71A6DC905}.Debug|Any CPU.Build.0 = Debug|Any CPU
		{81D6E61C-227B-4EFC-985A-6DA71A6DC905}.Release|Any CPU.ActiveCfg = Release|Any CPU
		{81D6E61C-227B-4EFC-985A-6DA71A6DC905}.Release|Any CPU.Build.0 = Release|Any CPU
	EndGlobalSection
	GlobalSection(SolutionProperties) = preSolution
		HideSolutionNode = FALSE
	EndGlobalSection
	GlobalSection(ExtensibilityGlobals) = postSolution
		SolutionGuid = {754E7B4F-E5E9-4029-9A3D-44F6FB37EBD9}
	EndGlobalSection
EndGlobal
