
Microsoft Visual Studio Solution File, Format Version 12.00
# Visual Studio Version 16
VisualStudioVersion = 25.0.1705.0
MinimumVisualStudioVersion = 10.0.40219.1
Project("{FAE04EC0-301F-11D3-BF4B-00C04F79EFBC}") = "MobileVitalsMonitoringTool.Android", "MobileVitalsMonitoringTool\MobileVitalsMonitoringTool.Android\MobileVitalsMonitoringTool.Android.csproj", "{2E49C6B7-540C-4957-814D-B975DD5A8767}"
EndProject
Project("{FAE04EC0-301F-11D3-BF4B-00C04F79EFBC}") = "MobileVitalsMonitoringTool.iOS", "MobileVitalsMonitoringTool\MobileVitalsMonitoringTool.iOS\MobileVitalsMonitoringTool.iOS.csproj", "{01F00D76-0745-4B91-A09D-6B2F572AA8BD}"
EndProject
Project("{FAE04EC0-301F-11D3-BF4B-00C04F79EFBC}") = "MobileVitalsMonitoringTool", "MobileVitalsMonitoringTool\MobileVitalsMonitoringTool\MobileVitalsMonitoringTool.csproj", "{CB066C78-E3B8-496A-A9B5-39A5544FB089}"
EndProject
Global
	GlobalSection(SolutionConfigurationPlatforms) = preSolution
		Debug|Any CPU = Debug|Any CPU
		Release|Any CPU = Release|Any CPU
		Debug|iPhoneSimulator = Debug|iPhoneSimulator
		Release|iPhoneSimulator = Release|iPhoneSimulator
		Debug|iPhone = Debug|iPhone
		Release|iPhone = Release|iPhone
	EndGlobalSection
	GlobalSection(ProjectConfigurationPlatforms) = postSolution
		{2E49C6B7-540C-4957-814D-B975DD5A8767}.Debug|Any CPU.ActiveCfg = Debug|Any CPU
		{2E49C6B7-540C-4957-814D-B975DD5A8767}.Debug|Any CPU.Build.0 = Debug|Any CPU
		{2E49C6B7-540C-4957-814D-B975DD5A8767}.Release|Any CPU.ActiveCfg = Release|Any CPU
		{2E49C6B7-540C-4957-814D-B975DD5A8767}.Release|Any CPU.Build.0 = Release|Any CPU
		{2E49C6B7-540C-4957-814D-B975DD5A8767}.Debug|iPhoneSimulator.ActiveCfg = Debug|Any CPU
		{2E49C6B7-540C-4957-814D-B975DD5A8767}.Debug|iPhoneSimulator.Build.0 = Debug|Any CPU
		{2E49C6B7-540C-4957-814D-B975DD5A8767}.Release|iPhoneSimulator.ActiveCfg = Release|Any CPU
		{2E49C6B7-540C-4957-814D-B975DD5A8767}.Release|iPhoneSimulator.Build.0 = Release|Any CPU
		{2E49C6B7-540C-4957-814D-B975DD5A8767}.Debug|iPhone.ActiveCfg = Debug|Any CPU
		{2E49C6B7-540C-4957-814D-B975DD5A8767}.Debug|iPhone.Build.0 = Debug|Any CPU
		{2E49C6B7-540C-4957-814D-B975DD5A8767}.Release|iPhone.ActiveCfg = Release|Any CPU
		{2E49C6B7-540C-4957-814D-B975DD5A8767}.Release|iPhone.Build.0 = Release|Any CPU
		{01F00D76-0745-4B91-A09D-6B2F572AA8BD}.Debug|Any CPU.ActiveCfg = Debug|iPhoneSimulator
		{01F00D76-0745-4B91-A09D-6B2F572AA8BD}.Debug|Any CPU.Build.0 = Debug|iPhoneSimulator
		{01F00D76-0745-4B91-A09D-6B2F572AA8BD}.Release|Any CPU.ActiveCfg = Release|iPhoneSimulator
		{01F00D76-0745-4B91-A09D-6B2F572AA8BD}.Release|Any CPU.Build.0 = Release|iPhoneSimulator
		{01F00D76-0745-4B91-A09D-6B2F572AA8BD}.Debug|iPhoneSimulator.ActiveCfg = Debug|iPhoneSimulator
		{01F00D76-0745-4B91-A09D-6B2F572AA8BD}.Debug|iPhoneSimulator.Build.0 = Debug|iPhoneSimulator
		{01F00D76-0745-4B91-A09D-6B2F572AA8BD}.Release|iPhoneSimulator.ActiveCfg = Release|iPhoneSimulator
		{01F00D76-0745-4B91-A09D-6B2F572AA8BD}.Release|iPhoneSimulator.Build.0 = Release|iPhoneSimulator
		{01F00D76-0745-4B91-A09D-6B2F572AA8BD}.Debug|iPhone.ActiveCfg = Debug|iPhone
		{01F00D76-0745-4B91-A09D-6B2F572AA8BD}.Debug|iPhone.Build.0 = Debug|iPhone
		{01F00D76-0745-4B91-A09D-6B2F572AA8BD}.Release|iPhone.ActiveCfg = Release|iPhone
		{01F00D76-0745-4B91-A09D-6B2F572AA8BD}.Release|iPhone.Build.0 = Release|iPhone
		{CB066C78-E3B8-496A-A9B5-39A5544FB089}.Debug|Any CPU.ActiveCfg = Debug|Any CPU
		{CB066C78-E3B8-496A-A9B5-39A5544FB089}.Debug|Any CPU.Build.0 = Debug|Any CPU
		{CB066C78-E3B8-496A-A9B5-39A5544FB089}.Release|Any CPU.ActiveCfg = Release|Any CPU
		{CB066C78-E3B8-496A-A9B5-39A5544FB089}.Release|Any CPU.Build.0 = Release|Any CPU
		{CB066C78-E3B8-496A-A9B5-39A5544FB089}.Debug|iPhoneSimulator.ActiveCfg = Debug|Any CPU
		{CB066C78-E3B8-496A-A9B5-39A5544FB089}.Debug|iPhoneSimulator.Build.0 = Debug|Any CPU
		{CB066C78-E3B8-496A-A9B5-39A5544FB089}.Release|iPhoneSimulator.ActiveCfg = Release|Any CPU
		{CB066C78-E3B8-496A-A9B5-39A5544FB089}.Release|iPhoneSimulator.Build.0 = Release|Any CPU
		{CB066C78-E3B8-496A-A9B5-39A5544FB089}.Debug|iPhone.ActiveCfg = Debug|Any CPU
		{CB066C78-E3B8-496A-A9B5-39A5544FB089}.Debug|iPhone.Build.0 = Debug|Any CPU
		{CB066C78-E3B8-496A-A9B5-39A5544FB089}.Release|iPhone.ActiveCfg = Release|Any CPU
		{CB066C78-E3B8-496A-A9B5-39A5544FB089}.Release|iPhone.Build.0 = Release|Any CPU
	EndGlobalSection
	GlobalSection(SolutionProperties) = preSolution
		HideSolutionNode = FALSE
	EndGlobalSection
	GlobalSection(ExtensibilityGlobals) = postSolution
		SolutionGuid = {A8454C05-3200-4085-99AE-5BA20BCDDA5A}
	EndGlobalSection
EndGlobal
