
Microsoft Visual Studio Solution File, Format Version 12.00
# Visual Studio Version 16
VisualStudioVersion = 16.0.33328.57
MinimumVisualStudioVersion = 10.0.40219.1
Project("{9A19103F-16F7-4668-BE54-9A1E7A4F7556}") = "DispatchersMontioringTool", "DispatchersMontioringTool.csproj", "{50CC5A64-1A8B-4392-A297-456B046D204C}"
EndProject
Project("{9A19103F-16F7-4668-BE54-9A1E7A4F7556}") = "DispatchersMontioringTool.Core", "..\DispatchersMontioringTool.Core\DispatchersMontioringTool.Core.csproj", "{4538DC91-BFD3-4D27-A7F8-6EE4ED75221E}"
EndProject
Project("{9A19103F-16F7-4668-BE54-9A1E7A4F7556}") = "DispatchersMontioringTool.Tests.xUnit", "..\DispatchersMontioringTool.Tests.xUnit\DispatchersMontioringTool.Tests.xUnit.csproj", "{CD32AE55-413F-4CBA-A2B4-D51E4E70D366}"
EndProject
Project("{9A19103F-16F7-4668-BE54-9A1E7A4F7556}") = "DispatchersMontioringTool.Core.Tests.xUnit", "..\DispatchersMontioringTool.Core.Tests.xUnit\DispatchersMontioringTool.Core.Tests.xUnit.csproj", "{D8E34FDC-A03F-428D-890B-D80363125DAB}"
EndProject
Global
	GlobalSection(SolutionConfigurationPlatforms) = preSolution
		Debug|Any CPU = Debug|Any CPU
		Debug|x64 = Debug|x64
		Debug|x86 = Debug|x86
		Release|Any CPU = Release|Any CPU
		Release|x64 = Release|x64
		Release|x86 = Release|x86
	EndGlobalSection
	GlobalSection(ProjectConfigurationPlatforms) = postSolution
		{50CC5A64-1A8B-4392-A297-456B046D204C}.Debug|Any CPU.ActiveCfg = Debug|Any CPU
		{50CC5A64-1A8B-4392-A297-456B046D204C}.Debug|Any CPU.Build.0 = Debug|Any CPU
		{50CC5A64-1A8B-4392-A297-456B046D204C}.Debug|x64.ActiveCfg = Debug|Any CPU
		{50CC5A64-1A8B-4392-A297-456B046D204C}.Debug|x64.Build.0 = Debug|Any CPU
		{50CC5A64-1A8B-4392-A297-456B046D204C}.Debug|x86.ActiveCfg = Debug|Any CPU
		{50CC5A64-1A8B-4392-A297-456B046D204C}.Debug|x86.Build.0 = Debug|Any CPU
		{50CC5A64-1A8B-4392-A297-456B046D204C}.Release|Any CPU.ActiveCfg = Release|Any CPU
		{50CC5A64-1A8B-4392-A297-456B046D204C}.Release|Any CPU.Build.0 = Release|Any CPU
		{50CC5A64-1A8B-4392-A297-456B046D204C}.Release|x64.ActiveCfg = Release|Any CPU
		{50CC5A64-1A8B-4392-A297-456B046D204C}.Release|x64.Build.0 = Release|Any CPU
		{50CC5A64-1A8B-4392-A297-456B046D204C}.Release|x86.ActiveCfg = Release|Any CPU
		{50CC5A64-1A8B-4392-A297-456B046D204C}.Release|x86.Build.0 = Release|Any CPU
		{4538DC91-BFD3-4D27-A7F8-6EE4ED75221E}.Debug|Any CPU.ActiveCfg = Debug|Any CPU
		{4538DC91-BFD3-4D27-A7F8-6EE4ED75221E}.Debug|Any CPU.Build.0 = Debug|Any CPU
		{4538DC91-BFD3-4D27-A7F8-6EE4ED75221E}.Debug|x64.ActiveCfg = Debug|Any CPU
		{4538DC91-BFD3-4D27-A7F8-6EE4ED75221E}.Debug|x64.Build.0 = Debug|Any CPU
		{4538DC91-BFD3-4D27-A7F8-6EE4ED75221E}.Debug|x86.ActiveCfg = Debug|Any CPU
		{4538DC91-BFD3-4D27-A7F8-6EE4ED75221E}.Debug|x86.Build.0 = Debug|Any CPU
		{4538DC91-BFD3-4D27-A7F8-6EE4ED75221E}.Release|Any CPU.ActiveCfg = Release|Any CPU
		{4538DC91-BFD3-4D27-A7F8-6EE4ED75221E}.Release|Any CPU.Build.0 = Release|Any CPU
		{4538DC91-BFD3-4D27-A7F8-6EE4ED75221E}.Release|x64.ActiveCfg = Release|Any CPU
		{4538DC91-BFD3-4D27-A7F8-6EE4ED75221E}.Release|x64.Build.0 = Release|Any CPU
		{4538DC91-BFD3-4D27-A7F8-6EE4ED75221E}.Release|x86.ActiveCfg = Release|Any CPU
		{4538DC91-BFD3-4D27-A7F8-6EE4ED75221E}.Release|x86.Build.0 = Release|Any CPU
		{CD32AE55-413F-4CBA-A2B4-D51E4E70D366}.Debug|Any CPU.ActiveCfg = Debug|Any CPU
		{CD32AE55-413F-4CBA-A2B4-D51E4E70D366}.Debug|Any CPU.Build.0 = Debug|Any CPU
		{CD32AE55-413F-4CBA-A2B4-D51E4E70D366}.Debug|x64.ActiveCfg = Debug|x64
		{CD32AE55-413F-4CBA-A2B4-D51E4E70D366}.Debug|x64.Build.0 = Debug|x64
		{CD32AE55-413F-4CBA-A2B4-D51E4E70D366}.Debug|x86.ActiveCfg = Debug|x86
		{CD32AE55-413F-4CBA-A2B4-D51E4E70D366}.Debug|x86.Build.0 = Debug|x86
		{CD32AE55-413F-4CBA-A2B4-D51E4E70D366}.Release|Any CPU.ActiveCfg = Release|Any CPU
		{CD32AE55-413F-4CBA-A2B4-D51E4E70D366}.Release|Any CPU.Build.0 = Release|Any CPU
		{CD32AE55-413F-4CBA-A2B4-D51E4E70D366}.Release|x64.ActiveCfg = Release|x64
		{CD32AE55-413F-4CBA-A2B4-D51E4E70D366}.Release|x64.Build.0 = Release|x64
		{CD32AE55-413F-4CBA-A2B4-D51E4E70D366}.Release|x86.ActiveCfg = Release|x86
		{CD32AE55-413F-4CBA-A2B4-D51E4E70D366}.Release|x86.Build.0 = Release|x86
		{D8E34FDC-A03F-428D-890B-D80363125DAB}.Debug|Any CPU.ActiveCfg = Debug|Any CPU
		{D8E34FDC-A03F-428D-890B-D80363125DAB}.Debug|Any CPU.Build.0 = Debug|Any CPU
		{D8E34FDC-A03F-428D-890B-D80363125DAB}.Debug|x64.ActiveCfg = Debug|x64
		{D8E34FDC-A03F-428D-890B-D80363125DAB}.Debug|x64.Build.0 = Debug|x64
		{D8E34FDC-A03F-428D-890B-D80363125DAB}.Debug|x86.ActiveCfg = Debug|x86
		{D8E34FDC-A03F-428D-890B-D80363125DAB}.Debug|x86.Build.0 = Debug|x86
		{D8E34FDC-A03F-428D-890B-D80363125DAB}.Release|Any CPU.ActiveCfg = Release|Any CPU
		{D8E34FDC-A03F-428D-890B-D80363125DAB}.Release|Any CPU.Build.0 = Release|Any CPU
		{D8E34FDC-A03F-428D-890B-D80363125DAB}.Release|x64.ActiveCfg = Release|x64
		{D8E34FDC-A03F-428D-890B-D80363125DAB}.Release|x64.Build.0 = Release|x64
		{D8E34FDC-A03F-428D-890B-D80363125DAB}.Release|x86.ActiveCfg = Release|x86
		{D8E34FDC-A03F-428D-890B-D80363125DAB}.Release|x86.Build.0 = Release|x86
	EndGlobalSection
	GlobalSection(SolutionProperties) = preSolution
		HideSolutionNode = FALSE
	EndGlobalSection
	GlobalSection(ExtensibilityGlobals) = postSolution
		SolutionGuid = {8E43A702-391C-4DF6-B01E-786A5032F25B}
	EndGlobalSection
EndGlobal
